{
 "name": "twitch4j.page",
 "version": "0.0.1",
 "lockfileVersion": 1,
 "requires": true,
 "dependencies": {
  "@fortawesome/fontawesome-free": {
   "version": "5.15.1",
   "resolved": "https://registry.npmjs.org/@fortawesome/fontawesome-free/-/fontawesome-free-5.15.1.tgz",
   "integrity": "sha512-OEdH7SyC1suTdhBGW91/zBfR6qaIhThbcN8PUXtXilY4GYnSBbVqOntdHbC1vXwsDnX0Qix2m2+DSU1J51ybOQ=="
  },
  "bootstrap": {
   "version": "4.5.2",
   "resolved": "https://registry.npmjs.org/bootstrap/-/bootstrap-4.5.2.tgz",
   "integrity": "sha512-vlGn0bcySYl/iV+BGA544JkkZP5LB3jsmkeKLFQakCOwCM3AOk7VkldBz4jrzSe+Z0Ezn99NVXa1o45cQY4R6A=="
  },
  "fuse.js": {
   "version": "6.4.3",
   "resolved": "https://registry.npmjs.org/fuse.js/-/fuse.js-6.4.3.tgz",
   "integrity": "sha512-JNgngolukIrqwayWnvy6NLH63hmwKPhm63o0uyBg51jPD0j09IvAzlV1rTXfAsgxpghI7khAo6Mv+EmvjDWXig=="
  },
  "jquery": {
   "version": "3.5.1",
   "resolved": "https://registry.npmjs.org/jquery/-/jquery-3.5.1.tgz",
   "integrity": "sha512-XwIBPqcMn57FxfT+Go5pzySnm4KWkT1Tv7gjrpT1srtf8Weynl6R273VJ5GjkRb51IzMp5nbaPjJXMWeju2MKg=="
  }
 }
}
